{
  "name": "vuepress-demo",
  "version": "1.0.0",
  "lockfileVersion": 1,
  "requires": true,
  "dependencies": {
    "@mr-hope/vuepress-shared-utils": {
      "version": "0.1.0-rc.15",
      "resolved": "https://registry.npm.taobao.org/@mr-hope/vuepress-shared-utils/download/@mr-hope/vuepress-shared-utils-0.1.0-rc.15.tgz",
      "integrity": "sha1-Ce0v9ktExQqCd7Fe/9fm3AcMsgc="
    },
    "@types/hash-sum": {
      "version": "1.0.0",
      "resolved": "https://registry.npm.taobao.org/@types/hash-sum/download/@types/hash-sum-1.0.0.tgz",
      "integrity": "sha1-g49OhieIfUKxYtBfPZbKY2wrxQQ="
    },
    "commander": {
      "version": "2.20.3",
      "resolved": "https://registry.npm.taobao.org/commander/download/commander-2.20.3.tgz",
      "integrity": "sha1-/UhehMA+tIgcIHIrpIA16FMa6zM="
    },
    "eve-raphael": {
      "version": "0.5.0",
      "resolved": "https://registry.npm.taobao.org/eve-raphael/download/eve-raphael-0.5.0.tgz",
      "integrity": "sha1-F8dUt5K+7z+maE15z1pHxjxM2jA="
    },
    "flowchart.js": {
      "version": "1.13.0",
      "resolved": "https://registry.npm.taobao.org/flowchart.js/download/flowchart.js-1.13.0.tgz",
      "integrity": "sha1-/ZZicL0xDd77Fo1oJseSxfNFNy8=",
      "requires": {
        "raphael": "2.3.0"
      }
    },
    "katex": {
      "version": "0.11.1",
      "resolved": "https://registry.npm.taobao.org/katex/download/katex-0.11.1.tgz",
      "integrity": "sha1-3zDKQMVlyd8BpGagDVPgeehP+qI=",
      "requires": {
        "commander": "^2.19.0"
      }
    },
    "markdown-it-container": {
      "version": "2.0.0",
      "resolved": "https://registry.npm.taobao.org/markdown-it-container/download/markdown-it-container-2.0.0.tgz",
      "integrity": "sha1-ABm0P9Au7+zi8ZYKKJX7qBpARpU="
    },
    "raphael": {
      "version": "2.3.0",
      "resolved": "https://registry.npm.taobao.org/raphael/download/raphael-2.3.0.tgz",
      "integrity": "sha1-6r6wnbqGGh1M7gd+qvuMU/MTH4k=",
      "requires": {
        "eve-raphael": "0.5.0"
      }
    },
    "vuepress-plugin-container": {
      "version": "2.1.3",
      "resolved": "https://registry.npm.taobao.org/vuepress-plugin-container/download/vuepress-plugin-container-2.1.3.tgz?cache=0&sync_timestamp=1586328091826&other_urls=https%3A%2F%2Fregistry.npm.taobao.org%2Fvuepress-plugin-container%2Fdownload%2Fvuepress-plugin-container-2.1.3.tgz",
      "integrity": "sha1-tYc8uNIbZr1i9/sVqyVOVdz+/3g=",
      "requires": {
        "markdown-it-container": "^2.0.0"
      }
    },
    "vuepress-plugin-md-enhance": {
      "version": "0.1.0-rc.15",
      "resolved": "https://registry.npm.taobao.org/vuepress-plugin-md-enhance/download/vuepress-plugin-md-enhance-0.1.0-rc.15.tgz",
      "integrity": "sha1-8zmqTyeDi442OJYi7LtHVDSO5dI=",
      "requires": {
        "@mr-hope/vuepress-shared-utils": "^0.1.0-rc.15",
        "@types/hash-sum": "^1.0.0",
        "flowchart.js": "^1.13.0",
        "katex": "^0.11.1",
        "vuepress-plugin-container": "^2.1.3"
      }
    }
  }
}
